// !$*UTF8*$!
{
	archiveVersion = 1;
	classes = {
	};
	objectVersion = 77;
	objects = {

/* Begin PBXBuildFile section */
		210115BE2EEF9543000D6D32 /* NukeUI in Frameworks */ = {isa = PBXBuildFile; productRef = 210115BD2EEF9543000D6D32 /* NukeUI */; };
		210E13AA2EFC66C4009D9FE0 /* FocusOnAppear in Frameworks */ = {isa = PBXBuildFile; productRef = 210E13A92EFC66C4009D9FE0 /* FocusOnAppear */; };
		210E14922EFDE5FB009D9FE0 /* SwiftUIIntrospect in Frameworks */ = {isa = PBXBuildFile; productRef = 210E14912EFDE5FB009D9FE0 /* SwiftUIIntrospect */; };
		210E245C2F0858DC008C05C1 /* DependenciesTestSupport in Frameworks */ = {isa = PBXBuildFile; productRef = 210E245B2F0858DC008C05C1 /* DependenciesTestSupport */; };
		21332B992EF5D04100C80208 /* Algorithms in Frameworks */ = {isa = PBXBuildFile; productRef = 21332B982EF5D04100C80208 /* Algorithms */; };
		213F299A2EE9285400E058DB /* SVGKitSwift in Frameworks */ = {isa = PBXBuildFile; productRef = 213F29992EE9285400E058DB /* SVGKitSwift */; };
		21874B3A2F07045300E07D9A /* SQLiteData in Frameworks */ = {isa = PBXBuildFile; productRef = 21874B392F07045300E07D9A /* SQLiteData */; };
		21A856BD2EE3AAE400E72541 /* ScryfallKit in Frameworks */ = {isa = PBXBuildFile; productRef = 21A856BC2EE3AAE400E72541 /* ScryfallKit */; };
		21B334122F0C53CA0048627E /* CARD_EXAMPLES.md in Resources */ = {isa = PBXBuildFile; fileRef = 21B334112F0C53C50048627E /* CARD_EXAMPLES.md */; };
		21B726BE2F0AFCDD00D2F951 /* DECISIONS.md in Resources */ = {isa = PBXBuildFile; fileRef = 21B726BD2F0AFCDA00D2F951 /* DECISIONS.md */; };
		21B726C12F0B101300D2F951 /* SwiftSoup in Frameworks */ = {isa = PBXBuildFile; productRef = 21B726C02F0B101300D2F951 /* SwiftSoup */; };
/* End PBXBuildFile section */

/* Begin PBXContainerItemProxy section */
		2137B5BB2EE139C70066BF7E /* PBXContainerItemProxy */ = {
			isa = PBXContainerItemProxy;
			containerPortal = 2137B5A52EE139C60066BF7E /* Project object */;
			proxyType = 1;
			remoteGlobalIDString = 2137B5AC2EE139C60066BF7E;
			remoteInfo = MagicCardSearch;
		};
		2137B5C52EE139C70066BF7E /* PBXContainerItemProxy */ = {
			isa = PBXContainerItemProxy;
			containerPortal = 2137B5A52EE139C60066BF7E /* Project object */;
			proxyType = 1;
			remoteGlobalIDString = 2137B5AC2EE139C60066BF7E;
			remoteInfo = MagicCardSearch;
		};
		21A815F72EE2340000282ED3 /* PBXContainerItemProxy */ = {
			isa = PBXContainerItemProxy;
			containerPortal = 2137B5A52EE139C60066BF7E /* Project object */;
			proxyType = 1;
			remoteGlobalIDString = 21A815F32EE233CC00282ED3;
			remoteInfo = Citron;
		};
/* End PBXContainerItemProxy section */

/* Begin PBXFileReference section */
		211396112EE9E39500093873 /* CLAUDE.md */ = {isa = PBXFileReference; lastKnownFileType = net.daringfireball.markdown; path = CLAUDE.md; sourceTree = "<group>"; };
		2137B5AD2EE139C60066BF7E /* MagicCardSearch.app */ = {isa = PBXFileReference; explicitFileType = wrapper.application; includeInIndex = 0; path = MagicCardSearch.app; sourceTree = BUILT_PRODUCTS_DIR; };
		2137B5BA2EE139C70066BF7E /* MagicCardSearchTests.xctest */ = {isa = PBXFileReference; explicitFileType = wrapper.cfbundle; includeInIndex = 0; path = MagicCardSearchTests.xctest; sourceTree = BUILT_PRODUCTS_DIR; };
		2137B5C42EE139C70066BF7E /* MagicCardSearchUITests.xctest */ = {isa = PBXFileReference; explicitFileType = wrapper.cfbundle; includeInIndex = 0; path = MagicCardSearchUITests.xctest; sourceTree = BUILT_PRODUCTS_DIR; };
		21A5FC512EE9E76E0034E695 /* .swiftlint.yml */ = {isa = PBXFileReference; lastKnownFileType = text.yaml; path = .swiftlint.yml; sourceTree = "<group>"; };
		21B334112F0C53C50048627E /* CARD_EXAMPLES.md */ = {isa = PBXFileReference; lastKnownFileType = net.daringfireball.markdown; path = CARD_EXAMPLES.md; sourceTree = "<group>"; };
		21B726BD2F0AFCDA00D2F951 /* DECISIONS.md */ = {isa = PBXFileReference; lastKnownFileType = net.daringfireball.markdown; path = DECISIONS.md; sourceTree = "<group>"; };
		21D3976C2EE23306008B3EFD /* README.md */ = {isa = PBXFileReference; lastKnownFileType = sourcecode.swift; path = README.md; sourceTree = "<group>"; };
/* End PBXFileReference section */

/* Begin PBXFileSystemSynchronizedBuildFileExceptionSet section */
		2118A0A12EECD1BC0009FA33 /* Exceptions for "ImageResources" folder in "MagicCardSearch" target */ = {
			isa = PBXFileSystemSynchronizedBuildFileExceptionSet;
			membershipExceptions = (
				"delver-app-icon-original.png",
				"delver-app-icon.png",
				"delver-character.png",
				"delver-header-icon.png",
				"gemini-prompt.txt",
			);
			target = 2137B5AC2EE139C60066BF7E /* MagicCardSearch */;
		};
		21A815FA2EE2345B00282ED3 /* Exceptions for "Citron" folder in "MagicCardSearch" target */ = {
			isa = PBXFileSystemSynchronizedBuildFileExceptionSet;
			membershipExceptions = (
				.gitignore,
				citron,
				citron.c,
			);
			target = 2137B5AC2EE139C60066BF7E /* MagicCardSearch */;
		};
		21A816102EE2395100282ED3 /* Exceptions for "MagicCardSearch" folder in "MagicCardSearch" target */ = {
			isa = PBXFileSystemSynchronizedBuildFileExceptionSet;
			membershipExceptions = (
				Parser/PartialFilterQuery/PartialFilterQueryGrammar.y,
			);
			target = 2137B5AC2EE139C60066BF7E /* MagicCardSearch */;
		};
/* End PBXFileSystemSynchronizedBuildFileExceptionSet section */

/* Begin PBXFileSystemSynchronizedRootGroup section */
		2118A06C2EECD0580009FA33 /* ImageResources */ = {
			isa = PBXFileSystemSynchronizedRootGroup;
			exceptions = (
				2118A0A12EECD1BC0009FA33 /* Exceptions for "ImageResources" folder in "MagicCardSearch" target */,
			);
			path = ImageResources;
			sourceTree = "<group>";
		};
		2137B5AF2EE139C60066BF7E /* MagicCardSearch */ = {
			isa = PBXFileSystemSynchronizedRootGroup;
			exceptions = (
				21A816102EE2395100282ED3 /* Exceptions for "MagicCardSearch" folder in "MagicCardSearch" target */,
			);
			path = MagicCardSearch;
			sourceTree = "<group>";
		};
		2137B5BD2EE139C70066BF7E /* MagicCardSearchTests */ = {
			isa = PBXFileSystemSynchronizedRootGroup;
			path = MagicCardSearchTests;
			sourceTree = "<group>";
		};
		2137B5C72EE139C70066BF7E /* MagicCardSearchUITests */ = {
			isa = PBXFileSystemSynchronizedRootGroup;
			path = MagicCardSearchUITests;
			sourceTree = "<group>";
		};
		21D397682EE232F0008B3EFD /* Citron */ = {
			isa = PBXFileSystemSynchronizedRootGroup;
			exceptions = (
				21A815FA2EE2345B00282ED3 /* Exceptions for "Citron" folder in "MagicCardSearch" target */,
			);
			path = Citron;
			sourceTree = "<group>";
		};
/* End PBXFileSystemSynchronizedRootGroup section */

/* Begin PBXFrameworksBuildPhase section */
		2137B5AA2EE139C60066BF7E /* Frameworks */ = {
			isa = PBXFrameworksBuildPhase;
			buildActionMask = 2147483647;
			files = (
				210115BE2EEF9543000D6D32 /* NukeUI in Frameworks */,
				213F299A2EE9285400E058DB /* SVGKitSwift in Frameworks */,
				210E14922EFDE5FB009D9FE0 /* SwiftUIIntrospect in Frameworks */,
				210E13AA2EFC66C4009D9FE0 /* FocusOnAppear in Frameworks */,
				21332B992EF5D04100C80208 /* Algorithms in Frameworks */,
				21A856BD2EE3AAE400E72541 /* ScryfallKit in Frameworks */,
				21874B3A2F07045300E07D9A /* SQLiteData in Frameworks */,
				21B726C12F0B101300D2F951 /* SwiftSoup in Frameworks */,
			);
			runOnlyForDeploymentPostprocessing = 0;
		};
		2137B5B72EE139C70066BF7E /* Frameworks */ = {
			isa = PBXFrameworksBuildPhase;
			buildActionMask = 2147483647;
			files = (
				210E245C2F0858DC008C05C1 /* DependenciesTestSupport in Frameworks */,
			);
			runOnlyForDeploymentPostprocessing = 0;
		};
		2137B5C12EE139C70066BF7E /* Frameworks */ = {
			isa = PBXFrameworksBuildPhase;
			buildActionMask = 2147483647;
			files = (
			);
			runOnlyForDeploymentPostprocessing = 0;
		};
/* End PBXFrameworksBuildPhase section */

/* Begin PBXGroup section */
		2137B5A42EE139C60066BF7E = {
			isa = PBXGroup;
			children = (
				21D3976C2EE23306008B3EFD /* README.md */,
				21B726BD2F0AFCDA00D2F951 /* DECISIONS.md */,
				211396112EE9E39500093873 /* CLAUDE.md */,
				21B334112F0C53C50048627E /* CARD_EXAMPLES.md */,
				21A5FC512EE9E76E0034E695 /* .swiftlint.yml */,
				2118A06C2EECD0580009FA33 /* ImageResources */,
				21D397682EE232F0008B3EFD /* Citron */,
				2137B5AF2EE139C60066BF7E /* MagicCardSearch */,
				2137B5BD2EE139C70066BF7E /* MagicCardSearchTests */,
				2137B5C72EE139C70066BF7E /* MagicCardSearchUITests */,
				21A856BB2EE3AAE400E72541 /* Frameworks */,
				2137B5AE2EE139C60066BF7E /* Products */,
			);
			sourceTree = "<group>";
		};
		2137B5AE2EE139C60066BF7E /* Products */ = {
			isa = PBXGroup;
			children = (
				2137B5AD2EE139C60066BF7E /* MagicCardSearch.app */,
				2137B5BA2EE139C70066BF7E /* MagicCardSearchTests.xctest */,
				2137B5C42EE139C70066BF7E /* MagicCardSearchUITests.xctest */,
			);
			name = Products;
			sourceTree = "<group>";
		};
		21A856BB2EE3AAE400E72541 /* Frameworks */ = {
			isa = PBXGroup;
			children = (
			);
			name = Frameworks;
			sourceTree = "<group>";
		};
/* End PBXGroup section */

/* Begin PBXLegacyTarget section */
		21A815F32EE233CC00282ED3 /* Citron */ = {
			isa = PBXLegacyTarget;
			buildArgumentsString = "citron.c -o citron";
			buildConfigurationList = 21A815F42EE233CC00282ED3 /* Build configuration list for PBXLegacyTarget "Citron" */;
			buildPhases = (
			);
			buildToolPath = clang;
			buildWorkingDirectory = /Users/seankelley/code/MagicCardSearch/Citron;
			dependencies = (
			);
			name = Citron;
			packageProductDependencies = (
			);
			passBuildSettingsInEnvironment = 1;
			productName = Citron;
		};
/* End PBXLegacyTarget section */

/* Begin PBXNativeTarget section */
		2137B5AC2EE139C60066BF7E /* MagicCardSearch */ = {
			isa = PBXNativeTarget;
			buildConfigurationList = 2137B5CE2EE139C70066BF7E /* Build configuration list for PBXNativeTarget "MagicCardSearch" */;
			buildPhases = (
				21A815F92EE2340C00282ED3 /* ShellScript */,
				2137B5A92EE139C60066BF7E /* Sources */,
				2137B5AA2EE139C60066BF7E /* Frameworks */,
				2137B5AB2EE139C60066BF7E /* Resources */,
			);
			buildRules = (
			);
			dependencies = (
				21A5FCA92EE9E81E0034E695 /* PBXTargetDependency */,
				21A815F82EE2340000282ED3 /* PBXTargetDependency */,
			);
			fileSystemSynchronizedGroups = (
				2118A06C2EECD0580009FA33 /* ImageResources */,
				2137B5AF2EE139C60066BF7E /* MagicCardSearch */,
				21D397682EE232F0008B3EFD /* Citron */,
			);
			name = MagicCardSearch;
			packageProductDependencies = (
				21A856BC2EE3AAE400E72541 /* ScryfallKit */,
				213F29992EE9285400E058DB /* SVGKitSwift */,
				210115BD2EEF9543000D6D32 /* NukeUI */,
				21332B982EF5D04100C80208 /* Algorithms */,
				210E13A92EFC66C4009D9FE0 /* FocusOnAppear */,
				210E14912EFDE5FB009D9FE0 /* SwiftUIIntrospect */,
				21874B392F07045300E07D9A /* SQLiteData */,
				21B726C02F0B101300D2F951 /* SwiftSoup */,
			);
			productName = MagicCardSearch;
			productReference = 2137B5AD2EE139C60066BF7E /* MagicCardSearch.app */;
			productType = "com.apple.product-type.application";
		};
		2137B5B92EE139C70066BF7E /* MagicCardSearchTests */ = {
			isa = PBXNativeTarget;
			buildConfigurationList = 2137B5D12EE139C70066BF7E /* Build configuration list for PBXNativeTarget "MagicCardSearchTests" */;
			buildPhases = (
				2137B5B62EE139C70066BF7E /* Sources */,
				2137B5B72EE139C70066BF7E /* Frameworks */,
				2137B5B82EE139C70066BF7E /* Resources */,
			);
			buildRules = (
			);
			dependencies = (
				21A5FCAB2EE9E82E0034E695 /* PBXTargetDependency */,
				2137B5BC2EE139C70066BF7E /* PBXTargetDependency */,
			);
			fileSystemSynchronizedGroups = (
				2137B5BD2EE139C70066BF7E /* MagicCardSearchTests */,
			);
			name = MagicCardSearchTests;
			packageProductDependencies = (
				210E245B2F0858DC008C05C1 /* DependenciesTestSupport */,
			);
			productName = MagicCardSearchTests;
			productReference = 2137B5BA2EE139C70066BF7E /* MagicCardSearchTests.xctest */;
			productType = "com.apple.product-type.bundle.unit-test";
		};
		2137B5C32EE139C70066BF7E /* MagicCardSearchUITests */ = {
			isa = PBXNativeTarget;
			buildConfigurationList = 2137B5D42EE139C70066BF7E /* Build configuration list for PBXNativeTarget "MagicCardSearchUITests" */;
			buildPhases = (
				2137B5C02EE139C70066BF7E /* Sources */,
				2137B5C12EE139C70066BF7E /* Frameworks */,
				2137B5C22EE139C70066BF7E /* Resources */,
			);
			buildRules = (
			);
			dependencies = (
				21A5FCAD2EE9E8320034E695 /* PBXTargetDependency */,
				2137B5C62EE139C70066BF7E /* PBXTargetDependency */,
			);
			fileSystemSynchronizedGroups = (
				2137B5C72EE139C70066BF7E /* MagicCardSearchUITests */,
			);
			name = MagicCardSearchUITests;
			packageProductDependencies = (
			);
			productName = MagicCardSearchUITests;
			productReference = 2137B5C42EE139C70066BF7E /* MagicCardSearchUITests.xctest */;
			productType = "com.apple.product-type.bundle.ui-testing";
		};
/* End PBXNativeTarget section */

/* Begin PBXProject section */
		2137B5A52EE139C60066BF7E /* Project object */ = {
			isa = PBXProject;
			attributes = {
				BuildIndependentTargetsInParallel = 1;
				LastSwiftUpdateCheck = 1640;
				LastUpgradeCheck = 1640;
				TargetAttributes = {
					2137B5AC2EE139C60066BF7E = {
						CreatedOnToolsVersion = 16.4;
					};
					2137B5B92EE139C70066BF7E = {
						CreatedOnToolsVersion = 16.4;
						TestTargetID = 2137B5AC2EE139C60066BF7E;
					};
					2137B5C32EE139C70066BF7E = {
						CreatedOnToolsVersion = 16.4;
						TestTargetID = 2137B5AC2EE139C60066BF7E;
					};
					21A815F32EE233CC00282ED3 = {
						CreatedOnToolsVersion = 26.1.1;
					};
				};
			};
			buildConfigurationList = 2137B5A82EE139C60066BF7E /* Build configuration list for PBXProject "MagicCardSearch" */;
			developmentRegion = en;
			hasScannedForEncodings = 0;
			knownRegions = (
				en,
				Base,
			);
			mainGroup = 2137B5A42EE139C60066BF7E;
			minimizedProjectReferenceProxies = 1;
			packageReferences = (
				21A856BA2EE3AA9200E72541 /* XCRemoteSwiftPackageReference "ScryfallKit" */,
				213F29982EE9285400E058DB /* XCRemoteSwiftPackageReference "SVGKit" */,
				21A5FCA72EE9E7FA0034E695 /* XCRemoteSwiftPackageReference "SwiftLintPlugins" */,
				210115BA2EEF9543000D6D32 /* XCRemoteSwiftPackageReference "Nuke" */,
				21332B972EF5D04100C80208 /* XCRemoteSwiftPackageReference "swift-algorithms" */,
				210E13A82EFC66C4009D9FE0 /* XCRemoteSwiftPackageReference "FocusOnAppear" */,
				210E14902EFDE5FB009D9FE0 /* XCRemoteSwiftPackageReference "swiftui-introspect" */,
				21874B382F07045300E07D9A /* XCRemoteSwiftPackageReference "sqlite-data" */,
				210E24562F0858DC008C05C1 /* XCRemoteSwiftPackageReference "swift-dependencies" */,
				21B726BF2F0B101300D2F951 /* XCRemoteSwiftPackageReference "SwiftSoup" */,
			);
			preferredProjectObjectVersion = 77;
			productRefGroup = 2137B5AE2EE139C60066BF7E /* Products */;
			projectDirPath = "";
			projectRoot = "";
			targets = (
				2137B5AC2EE139C60066BF7E /* MagicCardSearch */,
				2137B5B92EE139C70066BF7E /* MagicCardSearchTests */,
				2137B5C32EE139C70066BF7E /* MagicCardSearchUITests */,
				21A815F32EE233CC00282ED3 /* Citron */,
			);
		};
/* End PBXProject section */

/* Begin PBXResourcesBuildPhase section */
		2137B5AB2EE139C60066BF7E /* Resources */ = {
			isa = PBXResourcesBuildPhase;
			buildActionMask = 2147483647;
			files = (
				21B726BE2F0AFCDD00D2F951 /* DECISIONS.md in Resources */,
				21B334122F0C53CA0048627E /* CARD_EXAMPLES.md in Resources */,
			);
			runOnlyForDeploymentPostprocessing = 0;
		};
		2137B5B82EE139C70066BF7E /* Resources */ = {
			isa = PBXResourcesBuildPhase;
			buildActionMask = 2147483647;
			files = (
			);
			runOnlyForDeploymentPostprocessing = 0;
		};
		2137B5C22EE139C70066BF7E /* Resources */ = {
			isa = PBXResourcesBuildPhase;
			buildActionMask = 2147483647;
			files = (
			);
			runOnlyForDeploymentPostprocessing = 0;
		};
/* End PBXResourcesBuildPhase section */

/* Begin PBXShellScriptBuildPhase section */
		21A815F92EE2340C00282ED3 /* ShellScript */ = {
			isa = PBXShellScriptBuildPhase;
			buildActionMask = 2147483647;
			files = (
			);
			inputFileListPaths = (
			);
			inputPaths = (
				"$(SRCROOT)/Citron/citron",
				"$(SRCROOT)/MagicCardSearch/Parser/PartialFilterQuery/PartialFilterQueryGrammar.y",
			);
			outputFileListPaths = (
			);
			outputPaths = (
				"$(SRCROOT)/MagicCardSearch/Parser/PartialFilterQuery/PartialFilterQueryParser.swift",
			);
			runOnlyForDeploymentPostprocessing = 0;
			shellPath = /bin/zsh;
			shellScript = "Citron/citron MagicCardSearch/Parser/PartialFilterQuery/PartialFilterQueryGrammar.y -o MagicCardSearch/Parser/PartialFilterQuery/PartialFilterQueryParser.swift\n";
		};
/* End PBXShellScriptBuildPhase section */

/* Begin PBXSourcesBuildPhase section */
		2137B5A92EE139C60066BF7E /* Sources */ = {
			isa = PBXSourcesBuildPhase;
			buildActionMask = 2147483647;
			files = (
			);
			runOnlyForDeploymentPostprocessing = 0;
		};
		2137B5B62EE139C70066BF7E /* Sources */ = {
			isa = PBXSourcesBuildPhase;
			buildActionMask = 2147483647;
			files = (
			);
			runOnlyForDeploymentPostprocessing = 0;
		};
		2137B5C02EE139C70066BF7E /* Sources */ = {
			isa = PBXSourcesBuildPhase;
			buildActionMask = 2147483647;
			files = (
			);
			runOnlyForDeploymentPostprocessing = 0;
		};
/* End PBXSourcesBuildPhase section */

/* Begin PBXTargetDependency section */
		2137B5BC2EE139C70066BF7E /* PBXTargetDependency */ = {
			isa = PBXTargetDependency;
			target = 2137B5AC2EE139C60066BF7E /* MagicCardSearch */;
			targetProxy = 2137B5BB2EE139C70066BF7E /* PBXContainerItemProxy */;
		};
		2137B5C62EE139C70066BF7E /* PBXTargetDependency */ = {
			isa = PBXTargetDependency;
			target = 2137B5AC2EE139C60066BF7E /* MagicCardSearch */;
			targetProxy = 2137B5C52EE139C70066BF7E /* PBXContainerItemProxy */;
		};
		21A5FCA92EE9E81E0034E695 /* PBXTargetDependency */ = {
			isa = PBXTargetDependency;
			productRef = 21A5FCA82EE9E81E0034E695 /* SwiftLintBuildToolPlugin */;
		};
		21A5FCAB2EE9E82E0034E695 /* PBXTargetDependency */ = {
			isa = PBXTargetDependency;
			productRef = 21A5FCAA2EE9E82E0034E695 /* SwiftLintBuildToolPlugin */;
		};
		21A5FCAD2EE9E8320034E695 /* PBXTargetDependency */ = {
			isa = PBXTargetDependency;
			productRef = 21A5FCAC2EE9E8320034E695 /* SwiftLintBuildToolPlugin */;
		};
		21A815F82EE2340000282ED3 /* PBXTargetDependency */ = {
			isa = PBXTargetDependency;
			platformFilter = ios;
			target = 21A815F32EE233CC00282ED3 /* Citron */;
			targetProxy = 21A815F72EE2340000282ED3 /* PBXContainerItemProxy */;
		};
/* End PBXTargetDependency section */

/* Begin XCBuildConfiguration section */
		2137B5CC2EE139C70066BF7E /* Debug */ = {
			isa = XCBuildConfiguration;
			buildSettings = {
				ALWAYS_SEARCH_USER_PATHS = NO;
				ASSETCATALOG_COMPILER_GENERATE_SWIFT_ASSET_SYMBOL_EXTENSIONS = YES;
				CLANG_ANALYZER_NONNULL = YES;
				CLANG_ANALYZER_NUMBER_OBJECT_CONVERSION = YES_AGGRESSIVE;
				CLANG_CXX_LANGUAGE_STANDARD = "gnu++20";
				CLANG_ENABLE_MODULES = YES;
				CLANG_ENABLE_OBJC_ARC = YES;
				CLANG_ENABLE_OBJC_WEAK = YES;
				CLANG_WARN_BLOCK_CAPTURE_AUTORELEASING = YES;
				CLANG_WARN_BOOL_CONVERSION = YES;
				CLANG_WARN_COMMA = YES;
				CLANG_WARN_CONSTANT_CONVERSION = YES;
				CLANG_WARN_DEPRECATED_OBJC_IMPLEMENTATIONS = YES;
				CLANG_WARN_DIRECT_OBJC_ISA_USAGE = YES_ERROR;
				CLANG_WARN_DOCUMENTATION_COMMENTS = YES;
				CLANG_WARN_EMPTY_BODY = YES;
				CLANG_WARN_ENUM_CONVERSION = YES;
				CLANG_WARN_INFINITE_RECURSION = YES;
				CLANG_WARN_INT_CONVERSION = YES;
				CLANG_WARN_NON_LITERAL_NULL_CONVERSION = YES;
				CLANG_WARN_OBJC_IMPLICIT_RETAIN_SELF = YES;
				CLANG_WARN_OBJC_LITERAL_CONVERSION = YES;
				CLANG_WARN_OBJC_ROOT_CLASS = YES_ERROR;
				CLANG_WARN_QUOTED_INCLUDE_IN_FRAMEWORK_HEADER = YES;
				CLANG_WARN_RANGE_LOOP_ANALYSIS = YES;
				CLANG_WARN_STRICT_PROTOTYPES = YES;
				CLANG_WARN_SUSPICIOUS_MOVE = YES;
				CLANG_WARN_UNGUARDED_AVAILABILITY = YES_AGGRESSIVE;
				CLANG_WARN_UNREACHABLE_CODE = YES;
				CLANG_WARN__DUPLICATE_METHOD_MATCH = YES;
				COPY_PHASE_STRIP = NO;
				DEBUG_INFORMATION_FORMAT = dwarf;
				DEVELOPMENT_TEAM = FYBZ352JMQ;
				ENABLE_STRICT_OBJC_MSGSEND = YES;
				ENABLE_TESTABILITY = YES;
				ENABLE_USER_SCRIPT_SANDBOXING = YES;
				GCC_C_LANGUAGE_STANDARD = gnu17;
				GCC_DYNAMIC_NO_PIC = NO;
				GCC_NO_COMMON_BLOCKS = YES;
				GCC_OPTIMIZATION_LEVEL = 0;
				GCC_PREPROCESSOR_DEFINITIONS = (
					"DEBUG=1",
					"$(inherited)",
				);
				GCC_WARN_64_TO_32_BIT_CONVERSION = YES;
				GCC_WARN_ABOUT_RETURN_TYPE = YES_ERROR;
				GCC_WARN_UNDECLARED_SELECTOR = YES;
				GCC_WARN_UNINITIALIZED_AUTOS = YES_AGGRESSIVE;
				GCC_WARN_UNUSED_FUNCTION = YES;
				GCC_WARN_UNUSED_VARIABLE = YES;
				IPHONEOS_DEPLOYMENT_TARGET = 18.5;
				LOCALIZATION_PREFERS_STRING_CATALOGS = YES;
				MTL_ENABLE_DEBUG_INFO = INCLUDE_SOURCE;
				MTL_FAST_MATH = YES;
				ONLY_ACTIVE_ARCH = YES;
				SDKROOT = iphoneos;
				SWIFT_ACTIVE_COMPILATION_CONDITIONS = "DEBUG $(inherited)";
				SWIFT_OPTIMIZATION_LEVEL = "-Onone";
			};
			name = Debug;
		};
		2137B5CD2EE139C70066BF7E /* Release */ = {
			isa = XCBuildConfiguration;
			buildSettings = {
				ALWAYS_SEARCH_USER_PATHS = NO;
				ASSETCATALOG_COMPILER_GENERATE_SWIFT_ASSET_SYMBOL_EXTENSIONS = YES;
				CLANG_ANALYZER_NONNULL = YES;
				CLANG_ANALYZER_NUMBER_OBJECT_CONVERSION = YES_AGGRESSIVE;
				CLANG_CXX_LANGUAGE_STANDARD = "gnu++20";
				CLANG_ENABLE_MODULES = YES;
				CLANG_ENABLE_OBJC_ARC = YES;
				CLANG_ENABLE_OBJC_WEAK = YES;
				CLANG_WARN_BLOCK_CAPTURE_AUTORELEASING = YES;
				CLANG_WARN_BOOL_CONVERSION = YES;
				CLANG_WARN_COMMA = YES;
				CLANG_WARN_CONSTANT_CONVERSION = YES;
				CLANG_WARN_DEPRECATED_OBJC_IMPLEMENTATIONS = YES;
				CLANG_WARN_DIRECT_OBJC_ISA_USAGE = YES_ERROR;
				CLANG_WARN_DOCUMENTATION_COMMENTS = YES;
				CLANG_WARN_EMPTY_BODY = YES;
				CLANG_WARN_ENUM_CONVERSION = YES;
				CLANG_WARN_INFINITE_RECURSION = YES;
				CLANG_WARN_INT_CONVERSION = YES;
				CLANG_WARN_NON_LITERAL_NULL_CONVERSION = YES;
				CLANG_WARN_OBJC_IMPLICIT_RETAIN_SELF = YES;
				CLANG_WARN_OBJC_LITERAL_CONVERSION = YES;
				CLANG_WARN_OBJC_ROOT_CLASS = YES_ERROR;
				CLANG_WARN_QUOTED_INCLUDE_IN_FRAMEWORK_HEADER = YES;
				CLANG_WARN_RANGE_LOOP_ANALYSIS = YES;
				CLANG_WARN_STRICT_PROTOTYPES = YES;
				CLANG_WARN_SUSPICIOUS_MOVE = YES;
				CLANG_WARN_UNGUARDED_AVAILABILITY = YES_AGGRESSIVE;
				CLANG_WARN_UNREACHABLE_CODE = YES;
				CLANG_WARN__DUPLICATE_METHOD_MATCH = YES;
				COPY_PHASE_STRIP = NO;
				DEBUG_INFORMATION_FORMAT = "dwarf-with-dsym";
				DEVELOPMENT_TEAM = FYBZ352JMQ;
				ENABLE_NS_ASSERTIONS = NO;
				ENABLE_STRICT_OBJC_MSGSEND = YES;
				ENABLE_USER_SCRIPT_SANDBOXING = YES;
				GCC_C_LANGUAGE_STANDARD = gnu17;
				GCC_NO_COMMON_BLOCKS = YES;
				GCC_WARN_64_TO_32_BIT_CONVERSION = YES;
				GCC_WARN_ABOUT_RETURN_TYPE = YES_ERROR;
				GCC_WARN_UNDECLARED_SELECTOR = YES;
				GCC_WARN_UNINITIALIZED_AUTOS = YES_AGGRESSIVE;
				GCC_WARN_UNUSED_FUNCTION = YES;
				GCC_WARN_UNUSED_VARIABLE = YES;
				IPHONEOS_DEPLOYMENT_TARGET = 18.5;
				LOCALIZATION_PREFERS_STRING_CATALOGS = YES;
				MTL_ENABLE_DEBUG_INFO = NO;
				MTL_FAST_MATH = YES;
				SDKROOT = iphoneos;
				SWIFT_COMPILATION_MODE = wholemodule;
				VALIDATE_PRODUCT = YES;
			};
			name = Release;
		};
		2137B5CF2EE139C70066BF7E /* Debug */ = {
			isa = XCBuildConfiguration;
			buildSettings = {
				ASSETCATALOG_COMPILER_APPICON_NAME = AppIcon;
				ASSETCATALOG_COMPILER_GLOBAL_ACCENT_COLOR_NAME = AccentColor;
				CODE_SIGN_STYLE = Automatic;
				CURRENT_PROJECT_VERSION = 1;
				DEVELOPMENT_TEAM = FYBZ352JMQ;
				ENABLE_APP_SANDBOX = YES;
				ENABLE_HARDENED_RUNTIME = YES;
				ENABLE_OUTGOING_NETWORK_CONNECTIONS = YES;
				ENABLE_PREVIEWS = YES;
				GENERATE_INFOPLIST_FILE = YES;
				INFOPLIST_KEY_CFBundleDisplayName = Delver;
				INFOPLIST_KEY_UIApplicationSceneManifest_Generation = YES;
				INFOPLIST_KEY_UIApplicationSupportsIndirectInputEvents = YES;
				INFOPLIST_KEY_UILaunchScreen_Generation = YES;
				INFOPLIST_KEY_UISupportedInterfaceOrientations = UIInterfaceOrientationPortrait;
				INFOPLIST_KEY_UISupportedInterfaceOrientations_iPad = "UIInterfaceOrientationLandscapeLeft UIInterfaceOrientationLandscapeRight UIInterfaceOrientationPortrait UIInterfaceOrientationPortraitUpsideDown";
				IPHONEOS_DEPLOYMENT_TARGET = 26.0;
				LD_RUNPATH_SEARCH_PATHS = (
					"$(inherited)",
					"@executable_path/Frameworks",
				);
				MARKETING_VERSION = 1.0;
				PRODUCT_BUNDLE_IDENTIFIER = magic.card.search;
				PRODUCT_NAME = "$(TARGET_NAME)";
				REGISTER_APP_GROUPS = YES;
				SUPPORTED_PLATFORMS = "iphoneos iphonesimulator";
				SUPPORTS_MACCATALYST = NO;
				SUPPORTS_MAC_DESIGNED_FOR_IPHONE_IPAD = YES;
				SUPPORTS_XR_DESIGNED_FOR_IPHONE_IPAD = NO;
				SWIFT_EMIT_LOC_STRINGS = YES;
				SWIFT_VERSION = 6.0;
				TARGETED_DEVICE_FAMILY = 1;
			};
			name = Debug;
		};
		2137B5D02EE139C70066BF7E /* Release */ = {
			isa = XCBuildConfiguration;
			buildSettings = {
				ASSETCATALOG_COMPILER_APPICON_NAME = AppIcon;
				ASSETCATALOG_COMPILER_GLOBAL_ACCENT_COLOR_NAME = AccentColor;
				CODE_SIGN_STYLE = Automatic;
				CURRENT_PROJECT_VERSION = 1;
				DEVELOPMENT_TEAM = FYBZ352JMQ;
				ENABLE_APP_SANDBOX = YES;
				ENABLE_HARDENED_RUNTIME = YES;
				ENABLE_OUTGOING_NETWORK_CONNECTIONS = YES;
				ENABLE_PREVIEWS = YES;
				GENERATE_INFOPLIST_FILE = YES;
				INFOPLIST_KEY_CFBundleDisplayName = Delver;
				INFOPLIST_KEY_UIApplicationSceneManifest_Generation = YES;
				INFOPLIST_KEY_UIApplicationSupportsIndirectInputEvents = YES;
				INFOPLIST_KEY_UILaunchScreen_Generation = YES;
				INFOPLIST_KEY_UISupportedInterfaceOrientations = UIInterfaceOrientationPortrait;
				INFOPLIST_KEY_UISupportedInterfaceOrientations_iPad = "UIInterfaceOrientationLandscapeLeft UIInterfaceOrientationLandscapeRight UIInterfaceOrientationPortrait UIInterfaceOrientationPortraitUpsideDown";
				IPHONEOS_DEPLOYMENT_TARGET = 26.0;
				LD_RUNPATH_SEARCH_PATHS = (
					"$(inherited)",
					"@executable_path/Frameworks",
				);
				MARKETING_VERSION = 1.0;
				PRODUCT_BUNDLE_IDENTIFIER = magic.card.search;
				PRODUCT_NAME = "$(TARGET_NAME)";
				REGISTER_APP_GROUPS = YES;
				SUPPORTED_PLATFORMS = "iphoneos iphonesimulator";
				SUPPORTS_MACCATALYST = NO;
				SUPPORTS_MAC_DESIGNED_FOR_IPHONE_IPAD = YES;
				SUPPORTS_XR_DESIGNED_FOR_IPHONE_IPAD = NO;
				SWIFT_EMIT_LOC_STRINGS = YES;
				SWIFT_VERSION = 6.0;
				TARGETED_DEVICE_FAMILY = 1;
			};
			name = Release;
		};
		2137B5D22EE139C70066BF7E /* Debug */ = {
			isa = XCBuildConfiguration;
			buildSettings = {
				BUNDLE_LOADER = "$(TEST_HOST)";
				CODE_SIGN_STYLE = Automatic;
				CURRENT_PROJECT_VERSION = 1;
				DEVELOPMENT_TEAM = FYBZ352JMQ;
				GENERATE_INFOPLIST_FILE = YES;
				IPHONEOS_DEPLOYMENT_TARGET = 26.0;
				MARKETING_VERSION = 1.0;
				PRODUCT_BUNDLE_IDENTIFIER = magic.card.search.tests;
				PRODUCT_NAME = "$(TARGET_NAME)";
				SWIFT_EMIT_LOC_STRINGS = NO;
				SWIFT_VERSION = 6.0;
				TARGETED_DEVICE_FAMILY = "1,2";
				TEST_HOST = "$(BUILT_PRODUCTS_DIR)/MagicCardSearch.app/$(BUNDLE_EXECUTABLE_FOLDER_PATH)/MagicCardSearch";
			};
			name = Debug;
		};
		2137B5D32EE139C70066BF7E /* Release */ = {
			isa = XCBuildConfiguration;
			buildSettings = {
				BUNDLE_LOADER = "$(TEST_HOST)";
				CODE_SIGN_STYLE = Automatic;
				CURRENT_PROJECT_VERSION = 1;
				DEVELOPMENT_TEAM = FYBZ352JMQ;
				GENERATE_INFOPLIST_FILE = YES;
				IPHONEOS_DEPLOYMENT_TARGET = 26.0;
				MARKETING_VERSION = 1.0;
				PRODUCT_BUNDLE_IDENTIFIER = magic.card.search.tests;
				PRODUCT_NAME = "$(TARGET_NAME)";
				SWIFT_EMIT_LOC_STRINGS = NO;
				SWIFT_VERSION = 6.0;
				TARGETED_DEVICE_FAMILY = "1,2";
				TEST_HOST = "$(BUILT_PRODUCTS_DIR)/MagicCardSearch.app/$(BUNDLE_EXECUTABLE_FOLDER_PATH)/MagicCardSearch";
			};
			name = Release;
		};
		2137B5D52EE139C70066BF7E /* Debug */ = {
			isa = XCBuildConfiguration;
			buildSettings = {
				CODE_SIGN_STYLE = Automatic;
				CURRENT_PROJECT_VERSION = 1;
				DEVELOPMENT_TEAM = FYBZ352JMQ;
				GENERATE_INFOPLIST_FILE = YES;
				IPHONEOS_DEPLOYMENT_TARGET = 26.0;
				MARKETING_VERSION = 1.0;
				PRODUCT_BUNDLE_IDENTIFIER = magic.card.search.uitests;
				PRODUCT_NAME = "$(TARGET_NAME)";
				SWIFT_EMIT_LOC_STRINGS = NO;
				SWIFT_VERSION = 6.0;
				TARGETED_DEVICE_FAMILY = "1,2";
				TEST_TARGET_NAME = MagicCardSearch;
			};
			name = Debug;
		};
		2137B5D62EE139C70066BF7E /* Release */ = {
			isa = XCBuildConfiguration;
			buildSettings = {
				CODE_SIGN_STYLE = Automatic;
				CURRENT_PROJECT_VERSION = 1;
				DEVELOPMENT_TEAM = FYBZ352JMQ;
				GENERATE_INFOPLIST_FILE = YES;
				IPHONEOS_DEPLOYMENT_TARGET = 26.0;
				MARKETING_VERSION = 1.0;
				PRODUCT_BUNDLE_IDENTIFIER = magic.card.search.uitests;
				PRODUCT_NAME = "$(TARGET_NAME)";
				SWIFT_EMIT_LOC_STRINGS = NO;
				SWIFT_VERSION = 6.0;
				TARGETED_DEVICE_FAMILY = "1,2";
				TEST_TARGET_NAME = MagicCardSearch;
			};
			name = Release;
		};
		21A815F52EE233CC00282ED3 /* Debug */ = {
			isa = XCBuildConfiguration;
			buildSettings = {
				CODE_SIGN_STYLE = Automatic;
				DEBUGGING_SYMBOLS = YES;
				DEBUG_INFORMATION_FORMAT = dwarf;
				DEVELOPMENT_TEAM = FYBZ352JMQ;
				GCC_GENERATE_DEBUGGING_SYMBOLS = YES;
				GCC_OPTIMIZATION_LEVEL = 0;
				OTHER_CFLAGS = "";
				OTHER_LDFLAGS = "";
				PRODUCT_NAME = "$(TARGET_NAME)";
				SDKROOT = macosx;
			};
			name = Debug;
		};
		21A815F62EE233CC00282ED3 /* Release */ = {
			isa = XCBuildConfiguration;
			buildSettings = {
				CODE_SIGN_STYLE = Automatic;
				DEBUG_INFORMATION_FORMAT = "dwarf-with-dsym";
				DEVELOPMENT_TEAM = FYBZ352JMQ;
				OTHER_CFLAGS = "";
				OTHER_LDFLAGS = "";
				PRODUCT_NAME = "$(TARGET_NAME)";
				SDKROOT = macosx;
			};
			name = Release;
		};
/* End XCBuildConfiguration section */

/* Begin XCConfigurationList section */
		2137B5A82EE139C60066BF7E /* Build configuration list for PBXProject "MagicCardSearch" */ = {
			isa = XCConfigurationList;
			buildConfigurations = (
				2137B5CC2EE139C70066BF7E /* Debug */,
				2137B5CD2EE139C70066BF7E /* Release */,
			);
			defaultConfigurationIsVisible = 0;
			defaultConfigurationName = Release;
		};
		2137B5CE2EE139C70066BF7E /* Build configuration list for PBXNativeTarget "MagicCardSearch" */ = {
			isa = XCConfigurationList;
			buildConfigurations = (
				2137B5CF2EE139C70066BF7E /* Debug */,
				2137B5D02EE139C70066BF7E /* Release */,
			);
			defaultConfigurationIsVisible = 0;
			defaultConfigurationName = Release;
		};
		2137B5D12EE139C70066BF7E /* Build configuration list for PBXNativeTarget "MagicCardSearchTests" */ = {
			isa = XCConfigurationList;
			buildConfigurations = (
				2137B5D22EE139C70066BF7E /* Debug */,
				2137B5D32EE139C70066BF7E /* Release */,
			);
			defaultConfigurationIsVisible = 0;
			defaultConfigurationName = Release;
		};
		2137B5D42EE139C70066BF7E /* Build configuration list for PBXNativeTarget "MagicCardSearchUITests" */ = {
			isa = XCConfigurationList;
			buildConfigurations = (
				2137B5D52EE139C70066BF7E /* Debug */,
				2137B5D62EE139C70066BF7E /* Release */,
			);
			defaultConfigurationIsVisible = 0;
			defaultConfigurationName = Release;
		};
		21A815F42EE233CC00282ED3 /* Build configuration list for PBXLegacyTarget "Citron" */ = {
			isa = XCConfigurationList;
			buildConfigurations = (
				21A815F52EE233CC00282ED3 /* Debug */,
				21A815F62EE233CC00282ED3 /* Release */,
			);
			defaultConfigurationIsVisible = 0;
			defaultConfigurationName = Release;
		};
/* End XCConfigurationList section */

/* Begin XCRemoteSwiftPackageReference section */
		210115BA2EEF9543000D6D32 /* XCRemoteSwiftPackageReference "Nuke" */ = {
			isa = XCRemoteSwiftPackageReference;
			repositoryURL = "https://github.com/kean/Nuke";
			requirement = {
				kind = upToNextMajorVersion;
				minimumVersion = 12.9.0;
			};
		};
		210E13A82EFC66C4009D9FE0 /* XCRemoteSwiftPackageReference "FocusOnAppear" */ = {
			isa = XCRemoteSwiftPackageReference;
			repositoryURL = "https://github.com/seansfkelley/FocusOnAppear";
			requirement = {
				branch = main;
				kind = branch;
			};
		};
		210E14902EFDE5FB009D9FE0 /* XCRemoteSwiftPackageReference "swiftui-introspect" */ = {
			isa = XCRemoteSwiftPackageReference;
			repositoryURL = "https://github.com/siteline/swiftui-introspect";
			requirement = {
				kind = upToNextMajorVersion;
				minimumVersion = 26.0.0;
			};
		};
		210E24562F0858DC008C05C1 /* XCRemoteSwiftPackageReference "swift-dependencies" */ = {
			isa = XCRemoteSwiftPackageReference;
			repositoryURL = "https://github.com/pointfreeco/swift-dependencies";
			requirement = {
				kind = upToNextMajorVersion;
				minimumVersion = 1.10.0;
			};
		};
		21332B972EF5D04100C80208 /* XCRemoteSwiftPackageReference "swift-algorithms" */ = {
			isa = XCRemoteSwiftPackageReference;
			repositoryURL = "https://github.com/apple/swift-algorithms.git";
			requirement = {
				kind = upToNextMajorVersion;
				minimumVersion = 1.2.1;
			};
		};
		213F29982EE9285400E058DB /* XCRemoteSwiftPackageReference "SVGKit" */ = {
			isa = XCRemoteSwiftPackageReference;
			repositoryURL = "https://github.com/SVGKit/SVGKit";
			requirement = {
				branch = 3.x;
				kind = branch;
			};
		};
		21874B382F07045300E07D9A /* XCRemoteSwiftPackageReference "sqlite-data" */ = {
			isa = XCRemoteSwiftPackageReference;
			repositoryURL = "https://github.com/pointfreeco/sqlite-data";
			requirement = {
				kind = upToNextMajorVersion;
				minimumVersion = 1.4.2;
			};
		};
		21A5FCA72EE9E7FA0034E695 /* XCRemoteSwiftPackageReference "SwiftLintPlugins" */ = {
			isa = XCRemoteSwiftPackageReference;
			repositoryURL = "https://github.com/SimplyDanny/SwiftLintPlugins";
			requirement = {
				kind = upToNextMajorVersion;
				minimumVersion = 0.62.2;
			};
		};
		21A856BA2EE3AA9200E72541 /* XCRemoteSwiftPackageReference "ScryfallKit" */ = {
			isa = XCRemoteSwiftPackageReference;
			repositoryURL = "https://github.com/JacobHearst/ScryfallKit";
			requirement = {
				kind = upToNextMajorVersion;
				minimumVersion = 6.1.0;
			};
		};
		21B726BF2F0B101300D2F951 /* XCRemoteSwiftPackageReference "SwiftSoup" */ = {
			isa = XCRemoteSwiftPackageReference;
			repositoryURL = "https://github.com/scinfu/SwiftSoup";
			requirement = {
				kind = upToNextMajorVersion;
				minimumVersion = 2.11.3;
			};
		};
/* End XCRemoteSwiftPackageReference section */

/* Begin XCSwiftPackageProductDependency section */
		210115BD2EEF9543000D6D32 /* NukeUI */ = {
			isa = XCSwiftPackageProductDependency;
			package = 210115BA2EEF9543000D6D32 /* XCRemoteSwiftPackageReference "Nuke" */;
			productName = NukeUI;
		};
		210E13A92EFC66C4009D9FE0 /* FocusOnAppear */ = {
			isa = XCSwiftPackageProductDependency;
			package = 210E13A82EFC66C4009D9FE0 /* XCRemoteSwiftPackageReference "FocusOnAppear" */;
			productName = FocusOnAppear;
		};
		210E14912EFDE5FB009D9FE0 /* SwiftUIIntrospect */ = {
			isa = XCSwiftPackageProductDependency;
			package = 210E14902EFDE5FB009D9FE0 /* XCRemoteSwiftPackageReference "swiftui-introspect" */;
			productName = SwiftUIIntrospect;
		};
		210E245B2F0858DC008C05C1 /* DependenciesTestSupport */ = {
			isa = XCSwiftPackageProductDependency;
			package = 210E24562F0858DC008C05C1 /* XCRemoteSwiftPackageReference "swift-dependencies" */;
			productName = DependenciesTestSupport;
		};
		21332B982EF5D04100C80208 /* Algorithms */ = {
			isa = XCSwiftPackageProductDependency;
			package = 21332B972EF5D04100C80208 /* XCRemoteSwiftPackageReference "swift-algorithms" */;
			productName = Algorithms;
		};
		213F29992EE9285400E058DB /* SVGKitSwift */ = {
			isa = XCSwiftPackageProductDependency;
			package = 213F29982EE9285400E058DB /* XCRemoteSwiftPackageReference "SVGKit" */;
			productName = SVGKitSwift;
		};
		21874B392F07045300E07D9A /* SQLiteData */ = {
			isa = XCSwiftPackageProductDependency;
			package = 21874B382F07045300E07D9A /* XCRemoteSwiftPackageReference "sqlite-data" */;
			productName = SQLiteData;
		};
		21A5FCA82EE9E81E0034E695 /* SwiftLintBuildToolPlugin */ = {
			isa = XCSwiftPackageProductDependency;
			package = 21A5FCA72EE9E7FA0034E695 /* XCRemoteSwiftPackageReference "SwiftLintPlugins" */;
			productName = "plugin:SwiftLintBuildToolPlugin";
		};
		21A5FCAA2EE9E82E0034E695 /* SwiftLintBuildToolPlugin */ = {
			isa = XCSwiftPackageProductDependency;
			package = 21A5FCA72EE9E7FA0034E695 /* XCRemoteSwiftPackageReference "SwiftLintPlugins" */;
			productName = "plugin:SwiftLintBuildToolPlugin";
		};
		21A5FCAC2EE9E8320034E695 /* SwiftLintBuildToolPlugin */ = {
			isa = XCSwiftPackageProductDependency;
			package = 21A5FCA72EE9E7FA0034E695 /* XCRemoteSwiftPackageReference "SwiftLintPlugins" */;
			productName = "plugin:SwiftLintBuildToolPlugin";
		};
		21A856BC2EE3AAE400E72541 /* ScryfallKit */ = {
			isa = XCSwiftPackageProductDependency;
			package = 21A856BA2EE3AA9200E72541 /* XCRemoteSwiftPackageReference "ScryfallKit" */;
			productName = ScryfallKit;
		};
		21B726C02F0B101300D2F951 /* SwiftSoup */ = {
			isa = XCSwiftPackageProductDependency;
			package = 21B726BF2F0B101300D2F951 /* XCRemoteSwiftPackageReference "SwiftSoup" */;
			productName = SwiftSoup;
		};
/* End XCSwiftPackageProductDependency section */
	};
	rootObject = 2137B5A52EE139C60066BF7E /* Project object */;
}
